
Microsoft Visual Studio Solution File, Format Version 12.00
# Visual Studio Version 17
VisualStudioVersion = 17.6.33829.357
MinimumVisualStudioVersion = 10.0.40219.1
Project("{FAE04EC0-301F-11D3-BF4B-00C04F79EFBC}") = "task", "task.csproj", "{B593E75A-72C7-4CC6-9455-D93A2F710F20}"
EndProject
Global
	GlobalSection(SolutionConfigurationPlatforms) = preSolution
		Debug|Any CPU = Debug|Any CPU
		Release|Any CPU = Release|Any CPU
	EndGlobalSection
	GlobalSection(ProjectConfigurationPlatforms) = postSolution
		{B593E75A-72C7-4CC6-9455-D93A2F710F20}.Debug|Any CPU.ActiveCfg = Debug|Any CPU
		{B593E75A-72C7-4CC6-9455-D93A2F710F20}.Debug|Any CPU.Build.0 = Debug|Any CPU
		{B593E75A-72C7-4CC6-9455-D93A2F710F20}.Release|Any CPU.ActiveCfg = Release|Any CPU
		{B593E75A-72C7-4CC6-9455-D93A2F710F20}.Release|Any CPU.Build.0 = Release|Any CPU
	EndGlobalSection
	GlobalSection(SolutionProperties) = preSolution
		HideSolutionNode = FALSE
	EndGlobalSection
	GlobalSection(ExtensibilityGlobals) = postSolution
		SolutionGuid = {983F1E66-81A9-4C99-A1D6-5B0DE0904715}
	EndGlobalSection
EndGlobal
